// !$*UTF8*$!
{
	archiveVersion = 1;
	classes = {
	};
	objectVersion = 50;
	objects = {

/* Begin PBXBuildFile section */
		8D166BC0267C7E2C00EA2D3B /* AppDelegate.swift in Sources */ = {isa = PBXBuildFile; fileRef = 8D166BBF267C7E2C00EA2D3B /* AppDelegate.swift */; };
		8D166BC4267C7E2C00EA2D3B /* MusicDetailViewController.swift in Sources */ = {isa = PBXBuildFile; fileRef = 8D166BC3267C7E2C00EA2D3B /* MusicDetailViewController.swift */; };
		8D166BC9267C7E2D00EA2D3B /* Assets.xcassets in Resources */ = {isa = PBXBuildFile; fileRef = 8D166BC8267C7E2D00EA2D3B /* Assets.xcassets */; };
		8D166BCC267C7E2D00EA2D3B /* LaunchScreen.storyboard in Resources */ = {isa = PBXBuildFile; fileRef = 8D166BCA267C7E2D00EA2D3B /* LaunchScreen.storyboard */; };
		8D166BDF267C8BC400EA2D3B /* Coordinator.swift in Sources */ = {isa = PBXBuildFile; fileRef = 8D166BDE267C8BC400EA2D3B /* Coordinator.swift */; };
		8D166BEB267C92A200EA2D3B /* MusicDetail.storyboard in Resources */ = {isa = PBXBuildFile; fileRef = 8D166BEA267C92A200EA2D3B /* MusicDetail.storyboard */; };
		8D166BF7267C934C00EA2D3B /* LyricViewController.swift in Sources */ = {isa = PBXBuildFile; fileRef = 8D166BF6267C934C00EA2D3B /* LyricViewController.swift */; };
		8D166BFC267C971700EA2D3B /* MusicDetailViewModel.swift in Sources */ = {isa = PBXBuildFile; fileRef = 8D166BFB267C971700EA2D3B /* MusicDetailViewModel.swift */; };
		8D166C02267C986200EA2D3B /* Music.swift in Sources */ = {isa = PBXBuildFile; fileRef = 8D166C01267C986200EA2D3B /* Music.swift */; };
		8D166C08267C98E000EA2D3B /* MusicUseCase.swift in Sources */ = {isa = PBXBuildFile; fileRef = 8D166C07267C98E000EA2D3B /* MusicUseCase.swift */; };
		8D166C11267C993000EA2D3B /* Encoder.swift in Sources */ = {isa = PBXBuildFile; fileRef = 8D166C0C267C993000EA2D3B /* Encoder.swift */; };
		8D166C12267C993000EA2D3B /* NetworkInfo.swift in Sources */ = {isa = PBXBuildFile; fileRef = 8D166C0D267C993000EA2D3B /* NetworkInfo.swift */; };
		8D166C13267C993000EA2D3B /* Encodable.swift in Sources */ = {isa = PBXBuildFile; fileRef = 8D166C0E267C993000EA2D3B /* Encodable.swift */; };
		8D166C14267C993000EA2D3B /* HttpMethod.swift in Sources */ = {isa = PBXBuildFile; fileRef = 8D166C0F267C993000EA2D3B /* HttpMethod.swift */; };
		8D166C15267C993000EA2D3B /* Serviceable.swift in Sources */ = {isa = PBXBuildFile; fileRef = 8D166C10267C993000EA2D3B /* Serviceable.swift */; };
		8D166C18267C9B5F00EA2D3B /* MusicUseCaseNetwork.swift in Sources */ = {isa = PBXBuildFile; fileRef = 8D166C17267C9B5F00EA2D3B /* MusicUseCaseNetwork.swift */; };
		8D166C1C267C9BC500EA2D3B /* MusicService.swift in Sources */ = {isa = PBXBuildFile; fileRef = 8D166C1B267C9BC500EA2D3B /* MusicService.swift */; };
		8DC68DDC267CF9EF005A9D15 /* UIImage+Extension.swift in Sources */ = {isa = PBXBuildFile; fileRef = 8DC68DDB267CF9EF005A9D15 /* UIImage+Extension.swift */; };
/* End PBXBuildFile section */

/* Begin PBXFileReference section */
		8D166BBC267C7E2C00EA2D3B /* MusicPlayer.app */ = {isa = PBXFileReference; explicitFileType = wrapper.application; includeInIndex = 0; path = MusicPlayer.app; sourceTree = BUILT_PRODUCTS_DIR; };
		8D166BBF267C7E2C00EA2D3B /* AppDelegate.swift */ = {isa = PBXFileReference; lastKnownFileType = sourcecode.swift; path = AppDelegate.swift; sourceTree = "<group>"; };
		8D166BC3267C7E2C00EA2D3B /* MusicDetailViewController.swift */ = {isa = PBXFileReference; lastKnownFileType = sourcecode.swift; path = MusicDetailViewController.swift; sourceTree = "<group>"; };
		8D166BC8267C7E2D00EA2D3B /* Assets.xcassets */ = {isa = PBXFileReference; lastKnownFileType = folder.assetcatalog; path = Assets.xcassets; sourceTree = "<group>"; };
		8D166BCB267C7E2D00EA2D3B /* Base */ = {isa = PBXFileReference; lastKnownFileType = file.storyboard; name = Base; path = Base.lproj/LaunchScreen.storyboard; sourceTree = "<group>"; };
		8D166BCD267C7E2D00EA2D3B /* Info.plist */ = {isa = PBXFileReference; lastKnownFileType = text.plist.xml; path = Info.plist; sourceTree = "<group>"; };
		8D166BDE267C8BC400EA2D3B /* Coordinator.swift */ = {isa = PBXFileReference; lastKnownFileType = sourcecode.swift; path = Coordinator.swift; sourceTree = "<group>"; };
		8D166BEA267C92A200EA2D3B /* MusicDetail.storyboard */ = {isa = PBXFileReference; lastKnownFileType = file.storyboard; path = MusicDetail.storyboard; sourceTree = "<group>"; };
		8D166BF6267C934C00EA2D3B /* LyricViewController.swift */ = {isa = PBXFileReference; lastKnownFileType = sourcecode.swift; path = LyricViewController.swift; sourceTree = "<group>"; };
		8D166BFB267C971700EA2D3B /* MusicDetailViewModel.swift */ = {isa = PBXFileReference; lastKnownFileType = sourcecode.swift; path = MusicDetailViewModel.swift; sourceTree = "<group>"; };
		8D166C01267C986200EA2D3B /* Music.swift */ = {isa = PBXFileReference; lastKnownFileType = sourcecode.swift; path = Music.swift; sourceTree = "<group>"; };
		8D166C07267C98E000EA2D3B /* MusicUseCase.swift */ = {isa = PBXFileReference; lastKnownFileType = sourcecode.swift; path = MusicUseCase.swift; sourceTree = "<group>"; };
		8D166C0C267C993000EA2D3B /* Encoder.swift */ = {isa = PBXFileReference; fileEncoding = 4; lastKnownFileType = sourcecode.swift; path = Encoder.swift; sourceTree = "<group>"; };
		8D166C0D267C993000EA2D3B /* NetworkInfo.swift */ = {isa = PBXFileReference; fileEncoding = 4; lastKnownFileType = sourcecode.swift; path = NetworkInfo.swift; sourceTree = "<group>"; };
		8D166C0E267C993000EA2D3B /* Encodable.swift */ = {isa = PBXFileReference; fileEncoding = 4; lastKnownFileType = sourcecode.swift; path = Encodable.swift; sourceTree = "<group>"; };
		8D166C0F267C993000EA2D3B /* HttpMethod.swift */ = {isa = PBXFileReference; fileEncoding = 4; lastKnownFileType = sourcecode.swift; path = HttpMethod.swift; sourceTree = "<group>"; };
		8D166C10267C993000EA2D3B /* Serviceable.swift */ = {isa = PBXFileReference; fileEncoding = 4; lastKnownFileType = sourcecode.swift; path = Serviceable.swift; sourceTree = "<group>"; };
		8D166C17267C9B5F00EA2D3B /* MusicUseCaseNetwork.swift */ = {isa = PBXFileReference; lastKnownFileType = sourcecode.swift; path = MusicUseCaseNetwork.swift; sourceTree = "<group>"; };
		8D166C1B267C9BC500EA2D3B /* MusicService.swift */ = {isa = PBXFileReference; lastKnownFileType = sourcecode.swift; path = MusicService.swift; sourceTree = "<group>"; };
		8DC68DDB267CF9EF005A9D15 /* UIImage+Extension.swift */ = {isa = PBXFileReference; lastKnownFileType = sourcecode.swift; path = "UIImage+Extension.swift"; sourceTree = "<group>"; };
/* End PBXFileReference section */

/* Begin PBXFrameworksBuildPhase section */
		8D166BB9267C7E2C00EA2D3B /* Frameworks */ = {
			isa = PBXFrameworksBuildPhase;
			buildActionMask = 2147483647;
			files = (
			);
			runOnlyForDeploymentPostprocessing = 0;
		};
/* End PBXFrameworksBuildPhase section */

/* Begin PBXGroup section */
		8D166BB3267C7E2C00EA2D3B = {
			isa = PBXGroup;
			children = (
				8D166BBE267C7E2C00EA2D3B /* MusicPlayer */,
				8D166BBD267C7E2C00EA2D3B /* Products */,
			);
			sourceTree = "<group>";
		};
		8D166BBD267C7E2C00EA2D3B /* Products */ = {
			isa = PBXGroup;
			children = (
				8D166BBC267C7E2C00EA2D3B /* MusicPlayer.app */,
			);
			name = Products;
			sourceTree = "<group>";
		};
		8D166BBE267C7E2C00EA2D3B /* MusicPlayer */ = {
			isa = PBXGroup;
			children = (
				8DC68DDA267CF9DD005A9D15 /* Utility */,
				8D166C21267CA02A00EA2D3B /* Domain */,
				8D166C1A267C9BBA00EA2D3B /* Services */,
				8D166C0B267C990600EA2D3B /* Network */,
				8D166BD7267C802000EA2D3B /* App */,
				8D166BD8267C803600EA2D3B /* Scene */,
			);
			path = MusicPlayer;
			sourceTree = "<group>";
		};
		8D166BD7267C802000EA2D3B /* App */ = {
			isa = PBXGroup;
			children = (
				8D166BBF267C7E2C00EA2D3B /* AppDelegate.swift */,
				8D166BC8267C7E2D00EA2D3B /* Assets.xcassets */,
				8D166BCA267C7E2D00EA2D3B /* LaunchScreen.storyboard */,
				8D166BCD267C7E2D00EA2D3B /* Info.plist */,
				8D166BDE267C8BC400EA2D3B /* Coordinator.swift */,
			);
			path = App;
			sourceTree = "<group>";
		};
		8D166BD8267C803600EA2D3B /* Scene */ = {
			isa = PBXGroup;
			children = (
				8D166BED267C92AE00EA2D3B /* MusicDetail */,
			);
			path = Scene;
			sourceTree = "<group>";
		};
		8D166BE7267C923400EA2D3B /* MusicDetail */ = {
			isa = PBXGroup;
			children = (
				8D166BC3267C7E2C00EA2D3B /* MusicDetailViewController.swift */,
				8D166BFB267C971700EA2D3B /* MusicDetailViewModel.swift */,
			);
			path = MusicDetail;
			sourceTree = "<group>";
		};
		8D166BE8267C924300EA2D3B /* Lyric */ = {
			isa = PBXGroup;
			children = (
				8D166BF6267C934C00EA2D3B /* LyricViewController.swift */,
			);
			path = Lyric;
			sourceTree = "<group>";
		};
		8D166BED267C92AE00EA2D3B /* MusicDetail */ = {
			isa = PBXGroup;
			children = (
				8D166BE8267C924300EA2D3B /* Lyric */,
				8D166BE7267C923400EA2D3B /* MusicDetail */,
				8D166BEA267C92A200EA2D3B /* MusicDetail.storyboard */,
			);
			path = MusicDetail;
			sourceTree = "<group>";
		};
		8D166C00267C985B00EA2D3B /* Data */ = {
			isa = PBXGroup;
			children = (
				8D166C01267C986200EA2D3B /* Music.swift */,
			);
			path = Data;
			sourceTree = "<group>";
		};
		8D166C05267C98A900EA2D3B /* UseCases */ = {
			isa = PBXGroup;
			children = (
				8D166C07267C98E000EA2D3B /* MusicUseCase.swift */,
				8D166C17267C9B5F00EA2D3B /* MusicUseCaseNetwork.swift */,
			);
			path = UseCases;
			sourceTree = "<group>";
		};
		8D166C0B267C990600EA2D3B /* Network */ = {
			isa = PBXGroup;
			children = (
				8D166C0E267C993000EA2D3B /* Encodable.swift */,
				8D166C0C267C993000EA2D3B /* Encoder.swift */,
				8D166C0F267C993000EA2D3B /* HttpMethod.swift */,
				8D166C0D267C993000EA2D3B /* NetworkInfo.swift */,
				8D166C10267C993000EA2D3B /* Serviceable.swift */,
			);
			path = Network;
			sourceTree = "<group>";
		};
		8D166C1A267C9BBA00EA2D3B /* Services */ = {
			isa = PBXGroup;
			children = (
				8D166C1B267C9BC500EA2D3B /* MusicService.swift */,
			);
			path = Services;
			sourceTree = "<group>";
		};
		8D166C21267CA02A00EA2D3B /* Domain */ = {
			isa = PBXGroup;
			children = (
				8D166C05267C98A900EA2D3B /* UseCases */,
				8D166C00267C985B00EA2D3B /* Data */,
			);
			path = Domain;
			sourceTree = "<group>";
		};
		8DC68DDA267CF9DD005A9D15 /* Utility */ = {
			isa = PBXGroup;
			children = (
				8DC68DDB267CF9EF005A9D15 /* UIImage+Extension.swift */,
			);
			path = Utility;
			sourceTree = "<group>";
		};
/* End PBXGroup section */

/* Begin PBXNativeTarget section */
		8D166BBB267C7E2C00EA2D3B /* MusicPlayer */ = {
			isa = PBXNativeTarget;
			buildConfigurationList = 8D166BD0267C7E2D00EA2D3B /* Build configuration list for PBXNativeTarget "MusicPlayer" */;
			buildPhases = (
				8D166BB8267C7E2C00EA2D3B /* Sources */,
				8D166BB9267C7E2C00EA2D3B /* Frameworks */,
				8D166BBA267C7E2C00EA2D3B /* Resources */,
			);
			buildRules = (
			);
			dependencies = (
			);
			name = MusicPlayer;
			productName = MusicPlayer;
			productReference = 8D166BBC267C7E2C00EA2D3B /* MusicPlayer.app */;
			productType = "com.apple.product-type.application";
		};
/* End PBXNativeTarget section */

/* Begin PBXProject section */
		8D166BB4267C7E2C00EA2D3B /* Project object */ = {
			isa = PBXProject;
			attributes = {
				LastSwiftUpdateCheck = 1240;
				LastUpgradeCheck = 1240;
				TargetAttributes = {
					8D166BBB267C7E2C00EA2D3B = {
						CreatedOnToolsVersion = 12.4;
					};
				};
			};
			buildConfigurationList = 8D166BB7267C7E2C00EA2D3B /* Build configuration list for PBXProject "MusicPlayer" */;
			compatibilityVersion = "Xcode 9.3";
			developmentRegion = en;
			hasScannedForEncodings = 0;
			knownRegions = (
				en,
				Base,
			);
			mainGroup = 8D166BB3267C7E2C00EA2D3B;
			productRefGroup = 8D166BBD267C7E2C00EA2D3B /* Products */;
			projectDirPath = "";
			projectRoot = "";
			targets = (
				8D166BBB267C7E2C00EA2D3B /* MusicPlayer */,
			);
		};
/* End PBXProject section */

/* Begin PBXResourcesBuildPhase section */
		8D166BBA267C7E2C00EA2D3B /* Resources */ = {
			isa = PBXResourcesBuildPhase;
			buildActionMask = 2147483647;
			files = (
				8D166BEB267C92A200EA2D3B /* MusicDetail.storyboard in Resources */,
				8D166BCC267C7E2D00EA2D3B /* LaunchScreen.storyboard in Resources */,
				8D166BC9267C7E2D00EA2D3B /* Assets.xcassets in Resources */,
			);
			runOnlyForDeploymentPostprocessing = 0;
		};
/* End PBXResourcesBuildPhase section */

/* Begin PBXSourcesBuildPhase section */
		8D166BB8267C7E2C00EA2D3B /* Sources */ = {
			isa = PBXSourcesBuildPhase;
			buildActionMask = 2147483647;
			files = (
				8D166C18267C9B5F00EA2D3B /* MusicUseCaseNetwork.swift in Sources */,
				8D166C11267C993000EA2D3B /* Encoder.swift in Sources */,
				8D166BFC267C971700EA2D3B /* MusicDetailViewModel.swift in Sources */,
				8D166BC4267C7E2C00EA2D3B /* MusicDetailViewController.swift in Sources */,
				8D166BC0267C7E2C00EA2D3B /* AppDelegate.swift in Sources */,
				8D166C1C267C9BC500EA2D3B /* MusicService.swift in Sources */,
				8D166C14267C993000EA2D3B /* HttpMethod.swift in Sources */,
				8D166C15267C993000EA2D3B /* Serviceable.swift in Sources */,
				8D166C08267C98E000EA2D3B /* MusicUseCase.swift in Sources */,
				8D166BF7267C934C00EA2D3B /* LyricViewController.swift in Sources */,
				8D166BDF267C8BC400EA2D3B /* Coordinator.swift in Sources */,
				8D166C12267C993000EA2D3B /* NetworkInfo.swift in Sources */,
				8DC68DDC267CF9EF005A9D15 /* UIImage+Extension.swift in Sources */,
				8D166C02267C986200EA2D3B /* Music.swift in Sources */,
				8D166C13267C993000EA2D3B /* Encodable.swift in Sources */,
			);
			runOnlyForDeploymentPostprocessing = 0;
		};
/* End PBXSourcesBuildPhase section */

/* Begin PBXVariantGroup section */
		8D166BCA267C7E2D00EA2D3B /* LaunchScreen.storyboard */ = {
			isa = PBXVariantGroup;
			children = (
				8D166BCB267C7E2D00EA2D3B /* Base */,
			);
			name = LaunchScreen.storyboard;
			sourceTree = "<group>";
		};
/* End PBXVariantGroup section */

/* Begin XCBuildConfiguration section */
		8D166BCE267C7E2D00EA2D3B /* Debug */ = {
			isa = XCBuildConfiguration;
			buildSettings = {
				ALWAYS_SEARCH_USER_PATHS = NO;
				CLANG_ANALYZER_NONNULL = YES;
				CLANG_ANALYZER_NUMBER_OBJECT_CONVERSION = YES_AGGRESSIVE;
				CLANG_CXX_LANGUAGE_STANDARD = "gnu++14";
				CLANG_CXX_LIBRARY = "libc++";
				CLANG_ENABLE_MODULES = YES;
				CLANG_ENABLE_OBJC_ARC = YES;
				CLANG_ENABLE_OBJC_WEAK = YES;
				CLANG_WARN_BLOCK_CAPTURE_AUTORELEASING = YES;
				CLANG_WARN_BOOL_CONVERSION = YES;
				CLANG_WARN_COMMA = YES;
				CLANG_WARN_CONSTANT_CONVERSION = YES;
				CLANG_WARN_DEPRECATED_OBJC_IMPLEMENTATIONS = YES;
				CLANG_WARN_DIRECT_OBJC_ISA_USAGE = YES_ERROR;
				CLANG_WARN_DOCUMENTATION_COMMENTS = YES;
				CLANG_WARN_EMPTY_BODY = YES;
				CLANG_WARN_ENUM_CONVERSION = YES;
				CLANG_WARN_INFINITE_RECURSION = YES;
				CLANG_WARN_INT_CONVERSION = YES;
				CLANG_WARN_NON_LITERAL_NULL_CONVERSION = YES;
				CLANG_WARN_OBJC_IMPLICIT_RETAIN_SELF = YES;
				CLANG_WARN_OBJC_LITERAL_CONVERSION = YES;
				CLANG_WARN_OBJC_ROOT_CLASS = YES_ERROR;
				CLANG_WARN_QUOTED_INCLUDE_IN_FRAMEWORK_HEADER = YES;
				CLANG_WARN_RANGE_LOOP_ANALYSIS = YES;
				CLANG_WARN_STRICT_PROTOTYPES = YES;
				CLANG_WARN_SUSPICIOUS_MOVE = YES;
				CLANG_WARN_UNGUARDED_AVAILABILITY = YES_AGGRESSIVE;
				CLANG_WARN_UNREACHABLE_CODE = YES;
				CLANG_WARN__DUPLICATE_METHOD_MATCH = YES;
				COPY_PHASE_STRIP = NO;
				DEBUG_INFORMATION_FORMAT = dwarf;
				ENABLE_STRICT_OBJC_MSGSEND = YES;
				ENABLE_TESTABILITY = YES;
				GCC_C_LANGUAGE_STANDARD = gnu11;
				GCC_DYNAMIC_NO_PIC = NO;
				GCC_NO_COMMON_BLOCKS = YES;
				GCC_OPTIMIZATION_LEVEL = 0;
				GCC_PREPROCESSOR_DEFINITIONS = (
					"DEBUG=1",
					"$(inherited)",
				);
				GCC_WARN_64_TO_32_BIT_CONVERSION = YES;
				GCC_WARN_ABOUT_RETURN_TYPE = YES_ERROR;
				GCC_WARN_UNDECLARED_SELECTOR = YES;
				GCC_WARN_UNINITIALIZED_AUTOS = YES_AGGRESSIVE;
				GCC_WARN_UNUSED_FUNCTION = YES;
				GCC_WARN_UNUSED_VARIABLE = YES;
				IPHONEOS_DEPLOYMENT_TARGET = 10.0;
				MTL_ENABLE_DEBUG_INFO = INCLUDE_SOURCE;
				MTL_FAST_MATH = YES;
				ONLY_ACTIVE_ARCH = YES;
				SDKROOT = iphoneos;
				SWIFT_ACTIVE_COMPILATION_CONDITIONS = DEBUG;
				SWIFT_OPTIMIZATION_LEVEL = "-Onone";
			};
			name = Debug;
		};
		8D166BCF267C7E2D00EA2D3B /* Release */ = {
			isa = XCBuildConfiguration;
			buildSettings = {
				ALWAYS_SEARCH_USER_PATHS = NO;
				CLANG_ANALYZER_NONNULL = YES;
				CLANG_ANALYZER_NUMBER_OBJECT_CONVERSION = YES_AGGRESSIVE;
				CLANG_CXX_LANGUAGE_STANDARD = "gnu++14";
				CLANG_CXX_LIBRARY = "libc++";
				CLANG_ENABLE_MODULES = YES;
				CLANG_ENABLE_OBJC_ARC = YES;
				CLANG_ENABLE_OBJC_WEAK = YES;
				CLANG_WARN_BLOCK_CAPTURE_AUTORELEASING = YES;
				CLANG_WARN_BOOL_CONVERSION = YES;
				CLANG_WARN_COMMA = YES;
				CLANG_WARN_CONSTANT_CONVERSION = YES;
				CLANG_WARN_DEPRECATED_OBJC_IMPLEMENTATIONS = YES;
				CLANG_WARN_DIRECT_OBJC_ISA_USAGE = YES_ERROR;
				CLANG_WARN_DOCUMENTATION_COMMENTS = YES;
				CLANG_WARN_EMPTY_BODY = YES;
				CLANG_WARN_ENUM_CONVERSION = YES;
				CLANG_WARN_INFINITE_RECURSION = YES;
				CLANG_WARN_INT_CONVERSION = YES;
				CLANG_WARN_NON_LITERAL_NULL_CONVERSION = YES;
				CLANG_WARN_OBJC_IMPLICIT_RETAIN_SELF = YES;
				CLANG_WARN_OBJC_LITERAL_CONVERSION = YES;
				CLANG_WARN_OBJC_ROOT_CLASS = YES_ERROR;
				CLANG_WARN_QUOTED_INCLUDE_IN_FRAMEWORK_HEADER = YES;
				CLANG_WARN_RANGE_LOOP_ANALYSIS = YES;
				CLANG_WARN_STRICT_PROTOTYPES = YES;
				CLANG_WARN_SUSPICIOUS_MOVE = YES;
				CLANG_WARN_UNGUARDED_AVAILABILITY = YES_AGGRESSIVE;
				CLANG_WARN_UNREACHABLE_CODE = YES;
				CLANG_WARN__DUPLICATE_METHOD_MATCH = YES;
				COPY_PHASE_STRIP = NO;
				DEBUG_INFORMATION_FORMAT = "dwarf-with-dsym";
				ENABLE_NS_ASSERTIONS = NO;
				ENABLE_STRICT_OBJC_MSGSEND = YES;
				GCC_C_LANGUAGE_STANDARD = gnu11;
				GCC_NO_COMMON_BLOCKS = YES;
				GCC_WARN_64_TO_32_BIT_CONVERSION = YES;
				GCC_WARN_ABOUT_RETURN_TYPE = YES_ERROR;
				GCC_WARN_UNDECLARED_SELECTOR = YES;
				GCC_WARN_UNINITIALIZED_AUTOS = YES_AGGRESSIVE;
				GCC_WARN_UNUSED_FUNCTION = YES;
				GCC_WARN_UNUSED_VARIABLE = YES;
				IPHONEOS_DEPLOYMENT_TARGET = 10.0;
				MTL_ENABLE_DEBUG_INFO = NO;
				MTL_FAST_MATH = YES;
				SDKROOT = iphoneos;
				SWIFT_COMPILATION_MODE = wholemodule;
				SWIFT_OPTIMIZATION_LEVEL = "-O";
				VALIDATE_PRODUCT = YES;
			};
			name = Release;
		};
		8D166BD1267C7E2D00EA2D3B /* Debug */ = {
			isa = XCBuildConfiguration;
			buildSettings = {
				ASSETCATALOG_COMPILER_APPICON_NAME = AppIcon;
				ASSETCATALOG_COMPILER_GLOBAL_ACCENT_COLOR_NAME = AccentColor;
				CODE_SIGN_STYLE = Automatic;
				DEVELOPMENT_TEAM = 6YDND8WP69;
				INFOPLIST_FILE = MusicPlayer/App/Info.plist;
				LD_RUNPATH_SEARCH_PATHS = (
					"$(inherited)",
					"@executable_path/Frameworks",
				);
				PRODUCT_BUNDLE_IDENTIFIER = com.nali.MusicPlayer;
				PRODUCT_NAME = "$(TARGET_NAME)";
				SWIFT_VERSION = 5.0;
				TARGETED_DEVICE_FAMILY = "1,2";
			};
			name = Debug;
		};
		8D166BD2267C7E2D00EA2D3B /* Release */ = {
			isa = XCBuildConfiguration;
			buildSettings = {
				ASSETCATALOG_COMPILER_APPICON_NAME = AppIcon;
				ASSETCATALOG_COMPILER_GLOBAL_ACCENT_COLOR_NAME = AccentColor;
				CODE_SIGN_STYLE = Automatic;
				DEVELOPMENT_TEAM = 6YDND8WP69;
				INFOPLIST_FILE = MusicPlayer/App/Info.plist;
				LD_RUNPATH_SEARCH_PATHS = (
					"$(inherited)",
					"@executable_path/Frameworks",
				);
				PRODUCT_BUNDLE_IDENTIFIER = com.nali.MusicPlayer;
				PRODUCT_NAME = "$(TARGET_NAME)";
				SWIFT_VERSION = 5.0;
				TARGETED_DEVICE_FAMILY = "1,2";
			};
			name = Release;
		};
/* End XCBuildConfiguration section */

/* Begin XCConfigurationList section */
		8D166BB7267C7E2C00EA2D3B /* Build configuration list for PBXProject "MusicPlayer" */ = {
			isa = XCConfigurationList;
			buildConfigurations = (
				8D166BCE267C7E2D00EA2D3B /* Debug */,
				8D166BCF267C7E2D00EA2D3B /* Release */,
			);
			defaultConfigurationIsVisible = 0;
			defaultConfigurationName = Release;
		};
		8D166BD0267C7E2D00EA2D3B /* Build configuration list for PBXNativeTarget "MusicPlayer" */ = {
			isa = XCConfigurationList;
			buildConfigurations = (
				8D166BD1267C7E2D00EA2D3B /* Debug */,
				8D166BD2267C7E2D00EA2D3B /* Release */,
			);
			defaultConfigurationIsVisible = 0;
			defaultConfigurationName = Release;
		};
/* End XCConfigurationList section */
	};
	rootObject = 8D166BB4267C7E2C00EA2D3B /* Project object */;
}
