// !$*UTF8*$!
{
	archiveVersion = 1;
	classes = {
	};
	objectVersion = 50;
	objects = {

/* Begin PBXBuildFile section */
		022DCFAF36E004F8723A276B /* Pods_MVVMRxTutorial_MVVMRxTutorialUITests.framework in Frameworks */ = {isa = PBXBuildFile; fileRef = 038219D45DF7CB794B891E31 /* Pods_MVVMRxTutorial_MVVMRxTutorialUITests.framework */; };
		753FF81434692FB9E6C7BAE4 /* Pods_MVVMRxTutorial.framework in Frameworks */ = {isa = PBXBuildFile; fileRef = 05D262E8043AE3C9EB8ADC9A /* Pods_MVVMRxTutorial.framework */; };
		77D2157C677742E6793B7E3E /* Pods_MVVMRxTutorialTests.framework in Frameworks */ = {isa = PBXBuildFile; fileRef = E38974D435A95F6B637DD7F1 /* Pods_MVVMRxTutorialTests.framework */; };
		8DC9B6E62678A90500089D33 /* AppDelegate.swift in Sources */ = {isa = PBXBuildFile; fileRef = 8DC9B6E52678A90500089D33 /* AppDelegate.swift */; };
		8DC9B6E82678A90500089D33 /* SceneDelegate.swift in Sources */ = {isa = PBXBuildFile; fileRef = 8DC9B6E72678A90500089D33 /* SceneDelegate.swift */; };
		8DC9B6EF2678A90600089D33 /* Assets.xcassets in Resources */ = {isa = PBXBuildFile; fileRef = 8DC9B6EE2678A90600089D33 /* Assets.xcassets */; };
		8DC9B6F22678A90600089D33 /* LaunchScreen.storyboard in Resources */ = {isa = PBXBuildFile; fileRef = 8DC9B6F02678A90600089D33 /* LaunchScreen.storyboard */; };
		8DC9B6FD2678A90600089D33 /* MVVMRxTutorialTests.swift in Sources */ = {isa = PBXBuildFile; fileRef = 8DC9B6FC2678A90600089D33 /* MVVMRxTutorialTests.swift */; };
		8DC9B7082678A90600089D33 /* MVVMRxTutorialUITests.swift in Sources */ = {isa = PBXBuildFile; fileRef = 8DC9B7072678A90600089D33 /* MVVMRxTutorialUITests.swift */; };
		8DC9B7202678A9C200089D33 /* RootViewController.swift in Sources */ = {isa = PBXBuildFile; fileRef = 8DC9B71F2678A9C200089D33 /* RootViewController.swift */; };
		8DC9B7282678AA2400089D33 /* Coordinator.swift in Sources */ = {isa = PBXBuildFile; fileRef = 8DC9B7272678AA2400089D33 /* Coordinator.swift */; };
/* End PBXBuildFile section */

/* Begin PBXContainerItemProxy section */
		8DC9B6F92678A90600089D33 /* PBXContainerItemProxy */ = {
			isa = PBXContainerItemProxy;
			containerPortal = 8DC9B6DA2678A90500089D33 /* Project object */;
			proxyType = 1;
			remoteGlobalIDString = 8DC9B6E12678A90500089D33;
			remoteInfo = MVVMRxTutorial;
		};
		8DC9B7042678A90600089D33 /* PBXContainerItemProxy */ = {
			isa = PBXContainerItemProxy;
			containerPortal = 8DC9B6DA2678A90500089D33 /* Project object */;
			proxyType = 1;
			remoteGlobalIDString = 8DC9B6E12678A90500089D33;
			remoteInfo = MVVMRxTutorial;
		};
/* End PBXContainerItemProxy section */

/* Begin PBXFileReference section */
		038219D45DF7CB794B891E31 /* Pods_MVVMRxTutorial_MVVMRxTutorialUITests.framework */ = {isa = PBXFileReference; explicitFileType = wrapper.framework; includeInIndex = 0; path = Pods_MVVMRxTutorial_MVVMRxTutorialUITests.framework; sourceTree = BUILT_PRODUCTS_DIR; };
		05D262E8043AE3C9EB8ADC9A /* Pods_MVVMRxTutorial.framework */ = {isa = PBXFileReference; explicitFileType = wrapper.framework; includeInIndex = 0; path = Pods_MVVMRxTutorial.framework; sourceTree = BUILT_PRODUCTS_DIR; };
		09B0ED0D6ECDEFF873A8CA7D /* Pods-MVVMRxTutorialTests.release.xcconfig */ = {isa = PBXFileReference; includeInIndex = 1; lastKnownFileType = text.xcconfig; name = "Pods-MVVMRxTutorialTests.release.xcconfig"; path = "Target Support Files/Pods-MVVMRxTutorialTests/Pods-MVVMRxTutorialTests.release.xcconfig"; sourceTree = "<group>"; };
		2A2753CCAAC37DD2CEDF1ACB /* Pods-MVVMRxTutorial-MVVMRxTutorialUITests.debug.xcconfig */ = {isa = PBXFileReference; includeInIndex = 1; lastKnownFileType = text.xcconfig; name = "Pods-MVVMRxTutorial-MVVMRxTutorialUITests.debug.xcconfig"; path = "Target Support Files/Pods-MVVMRxTutorial-MVVMRxTutorialUITests/Pods-MVVMRxTutorial-MVVMRxTutorialUITests.debug.xcconfig"; sourceTree = "<group>"; };
		8DC9B6E22678A90500089D33 /* MVVMRxTutorial.app */ = {isa = PBXFileReference; explicitFileType = wrapper.application; includeInIndex = 0; path = MVVMRxTutorial.app; sourceTree = BUILT_PRODUCTS_DIR; };
		8DC9B6E52678A90500089D33 /* AppDelegate.swift */ = {isa = PBXFileReference; lastKnownFileType = sourcecode.swift; path = AppDelegate.swift; sourceTree = "<group>"; };
		8DC9B6E72678A90500089D33 /* SceneDelegate.swift */ = {isa = PBXFileReference; lastKnownFileType = sourcecode.swift; path = SceneDelegate.swift; sourceTree = "<group>"; };
		8DC9B6EE2678A90600089D33 /* Assets.xcassets */ = {isa = PBXFileReference; lastKnownFileType = folder.assetcatalog; path = Assets.xcassets; sourceTree = "<group>"; };
		8DC9B6F12678A90600089D33 /* Base */ = {isa = PBXFileReference; lastKnownFileType = file.storyboard; name = Base; path = Base.lproj/LaunchScreen.storyboard; sourceTree = "<group>"; };
		8DC9B6F32678A90600089D33 /* Info.plist */ = {isa = PBXFileReference; lastKnownFileType = text.plist.xml; path = Info.plist; sourceTree = "<group>"; };
		8DC9B6F82678A90600089D33 /* MVVMRxTutorialTests.xctest */ = {isa = PBXFileReference; explicitFileType = wrapper.cfbundle; includeInIndex = 0; path = MVVMRxTutorialTests.xctest; sourceTree = BUILT_PRODUCTS_DIR; };
		8DC9B6FC2678A90600089D33 /* MVVMRxTutorialTests.swift */ = {isa = PBXFileReference; lastKnownFileType = sourcecode.swift; path = MVVMRxTutorialTests.swift; sourceTree = "<group>"; };
		8DC9B6FE2678A90600089D33 /* Info.plist */ = {isa = PBXFileReference; lastKnownFileType = text.plist.xml; path = Info.plist; sourceTree = "<group>"; };
		8DC9B7032678A90600089D33 /* MVVMRxTutorialUITests.xctest */ = {isa = PBXFileReference; explicitFileType = wrapper.cfbundle; includeInIndex = 0; path = MVVMRxTutorialUITests.xctest; sourceTree = BUILT_PRODUCTS_DIR; };
		8DC9B7072678A90600089D33 /* MVVMRxTutorialUITests.swift */ = {isa = PBXFileReference; lastKnownFileType = sourcecode.swift; path = MVVMRxTutorialUITests.swift; sourceTree = "<group>"; };
		8DC9B7092678A90600089D33 /* Info.plist */ = {isa = PBXFileReference; lastKnownFileType = text.plist.xml; path = Info.plist; sourceTree = "<group>"; };
		8DC9B71F2678A9C200089D33 /* RootViewController.swift */ = {isa = PBXFileReference; lastKnownFileType = sourcecode.swift; path = RootViewController.swift; sourceTree = "<group>"; };
		8DC9B7272678AA2400089D33 /* Coordinator.swift */ = {isa = PBXFileReference; lastKnownFileType = sourcecode.swift; path = Coordinator.swift; sourceTree = "<group>"; };
		AB57224779891DB10C94B28D /* Pods-MVVMRxTutorialTests.debug.xcconfig */ = {isa = PBXFileReference; includeInIndex = 1; lastKnownFileType = text.xcconfig; name = "Pods-MVVMRxTutorialTests.debug.xcconfig"; path = "Target Support Files/Pods-MVVMRxTutorialTests/Pods-MVVMRxTutorialTests.debug.xcconfig"; sourceTree = "<group>"; };
		D5BA3894B9C2FEAB93B5A6FC /* Pods-MVVMRxTutorial.debug.xcconfig */ = {isa = PBXFileReference; includeInIndex = 1; lastKnownFileType = text.xcconfig; name = "Pods-MVVMRxTutorial.debug.xcconfig"; path = "Target Support Files/Pods-MVVMRxTutorial/Pods-MVVMRxTutorial.debug.xcconfig"; sourceTree = "<group>"; };
		D9388B51A37A8E01C53383D9 /* Pods-MVVMRxTutorial.release.xcconfig */ = {isa = PBXFileReference; includeInIndex = 1; lastKnownFileType = text.xcconfig; name = "Pods-MVVMRxTutorial.release.xcconfig"; path = "Target Support Files/Pods-MVVMRxTutorial/Pods-MVVMRxTutorial.release.xcconfig"; sourceTree = "<group>"; };
		E38974D435A95F6B637DD7F1 /* Pods_MVVMRxTutorialTests.framework */ = {isa = PBXFileReference; explicitFileType = wrapper.framework; includeInIndex = 0; path = Pods_MVVMRxTutorialTests.framework; sourceTree = BUILT_PRODUCTS_DIR; };
		E9ABCB880E6D63469F3F54C8 /* Pods-MVVMRxTutorial-MVVMRxTutorialUITests.release.xcconfig */ = {isa = PBXFileReference; includeInIndex = 1; lastKnownFileType = text.xcconfig; name = "Pods-MVVMRxTutorial-MVVMRxTutorialUITests.release.xcconfig"; path = "Target Support Files/Pods-MVVMRxTutorial-MVVMRxTutorialUITests/Pods-MVVMRxTutorial-MVVMRxTutorialUITests.release.xcconfig"; sourceTree = "<group>"; };
/* End PBXFileReference section */

/* Begin PBXFrameworksBuildPhase section */
		8DC9B6DF2678A90500089D33 /* Frameworks */ = {
			isa = PBXFrameworksBuildPhase;
			buildActionMask = 2147483647;
			files = (
				753FF81434692FB9E6C7BAE4 /* Pods_MVVMRxTutorial.framework in Frameworks */,
			);
			runOnlyForDeploymentPostprocessing = 0;
		};
		8DC9B6F52678A90600089D33 /* Frameworks */ = {
			isa = PBXFrameworksBuildPhase;
			buildActionMask = 2147483647;
			files = (
				77D2157C677742E6793B7E3E /* Pods_MVVMRxTutorialTests.framework in Frameworks */,
			);
			runOnlyForDeploymentPostprocessing = 0;
		};
		8DC9B7002678A90600089D33 /* Frameworks */ = {
			isa = PBXFrameworksBuildPhase;
			buildActionMask = 2147483647;
			files = (
				022DCFAF36E004F8723A276B /* Pods_MVVMRxTutorial_MVVMRxTutorialUITests.framework in Frameworks */,
			);
			runOnlyForDeploymentPostprocessing = 0;
		};
/* End PBXFrameworksBuildPhase section */

/* Begin PBXGroup section */
		1F4378EB0E16C75DFC350E14 /* Pods */ = {
			isa = PBXGroup;
			children = (
				D5BA3894B9C2FEAB93B5A6FC /* Pods-MVVMRxTutorial.debug.xcconfig */,
				D9388B51A37A8E01C53383D9 /* Pods-MVVMRxTutorial.release.xcconfig */,
				2A2753CCAAC37DD2CEDF1ACB /* Pods-MVVMRxTutorial-MVVMRxTutorialUITests.debug.xcconfig */,
				E9ABCB880E6D63469F3F54C8 /* Pods-MVVMRxTutorial-MVVMRxTutorialUITests.release.xcconfig */,
				AB57224779891DB10C94B28D /* Pods-MVVMRxTutorialTests.debug.xcconfig */,
				09B0ED0D6ECDEFF873A8CA7D /* Pods-MVVMRxTutorialTests.release.xcconfig */,
			);
			name = Pods;
			path = Pods;
			sourceTree = "<group>";
		};
		2BB9E00425BA0FAF225F7D61 /* Frameworks */ = {
			isa = PBXGroup;
			children = (
				05D262E8043AE3C9EB8ADC9A /* Pods_MVVMRxTutorial.framework */,
				038219D45DF7CB794B891E31 /* Pods_MVVMRxTutorial_MVVMRxTutorialUITests.framework */,
				E38974D435A95F6B637DD7F1 /* Pods_MVVMRxTutorialTests.framework */,
			);
			name = Frameworks;
			sourceTree = "<group>";
		};
		8DC9B6D92678A90500089D33 = {
			isa = PBXGroup;
			children = (
				8DC9B6E42678A90500089D33 /* MVVMRxTutorial */,
				8DC9B6FB2678A90600089D33 /* MVVMRxTutorialTests */,
				8DC9B7062678A90600089D33 /* MVVMRxTutorialUITests */,
				8DC9B6E32678A90500089D33 /* Products */,
				1F4378EB0E16C75DFC350E14 /* Pods */,
				2BB9E00425BA0FAF225F7D61 /* Frameworks */,
			);
			sourceTree = "<group>";
		};
		8DC9B6E32678A90500089D33 /* Products */ = {
			isa = PBXGroup;
			children = (
				8DC9B6E22678A90500089D33 /* MVVMRxTutorial.app */,
				8DC9B6F82678A90600089D33 /* MVVMRxTutorialTests.xctest */,
				8DC9B7032678A90600089D33 /* MVVMRxTutorialUITests.xctest */,
			);
			name = Products;
			sourceTree = "<group>";
		};
		8DC9B6E42678A90500089D33 /* MVVMRxTutorial */ = {
			isa = PBXGroup;
			children = (
				8DC9B71E2678A9A000089D33 /* Controllers */,
				8DC9B6E52678A90500089D33 /* AppDelegate.swift */,
				8DC9B6E72678A90500089D33 /* SceneDelegate.swift */,
				8DC9B6EE2678A90600089D33 /* Assets.xcassets */,
				8DC9B6F02678A90600089D33 /* LaunchScreen.storyboard */,
				8DC9B6F32678A90600089D33 /* Info.plist */,
				8DC9B7272678AA2400089D33 /* Coordinator.swift */,
			);
			path = MVVMRxTutorial;
			sourceTree = "<group>";
		};
		8DC9B6FB2678A90600089D33 /* MVVMRxTutorialTests */ = {
			isa = PBXGroup;
			children = (
				8DC9B6FC2678A90600089D33 /* MVVMRxTutorialTests.swift */,
				8DC9B6FE2678A90600089D33 /* Info.plist */,
			);
			path = MVVMRxTutorialTests;
			sourceTree = "<group>";
		};
		8DC9B7062678A90600089D33 /* MVVMRxTutorialUITests */ = {
			isa = PBXGroup;
			children = (
				8DC9B7072678A90600089D33 /* MVVMRxTutorialUITests.swift */,
				8DC9B7092678A90600089D33 /* Info.plist */,
			);
			path = MVVMRxTutorialUITests;
			sourceTree = "<group>";
		};
		8DC9B71E2678A9A000089D33 /* Controllers */ = {
			isa = PBXGroup;
			children = (
				8DC9B71F2678A9C200089D33 /* RootViewController.swift */,
			);
			path = Controllers;
			sourceTree = "<group>";
		};
/* End PBXGroup section */

/* Begin PBXNativeTarget section */
		8DC9B6E12678A90500089D33 /* MVVMRxTutorial */ = {
			isa = PBXNativeTarget;
			buildConfigurationList = 8DC9B70C2678A90600089D33 /* Build configuration list for PBXNativeTarget "MVVMRxTutorial" */;
			buildPhases = (
				E8B277EE656955378FBD43ED /* [CP] Check Pods Manifest.lock */,
				8DC9B6DE2678A90500089D33 /* Sources */,
				8DC9B6DF2678A90500089D33 /* Frameworks */,
				8DC9B6E02678A90500089D33 /* Resources */,
				FB1AACB7860433DD43FB5F7C /* [CP] Embed Pods Frameworks */,
			);
			buildRules = (
			);
			dependencies = (
			);
			name = MVVMRxTutorial;
			productName = MVVMRxTutorial;
			productReference = 8DC9B6E22678A90500089D33 /* MVVMRxTutorial.app */;
			productType = "com.apple.product-type.application";
		};
		8DC9B6F72678A90600089D33 /* MVVMRxTutorialTests */ = {
			isa = PBXNativeTarget;
			buildConfigurationList = 8DC9B70F2678A90600089D33 /* Build configuration list for PBXNativeTarget "MVVMRxTutorialTests" */;
			buildPhases = (
				2C60876E7C64A3DB4824D9D8 /* [CP] Check Pods Manifest.lock */,
				8DC9B6F42678A90600089D33 /* Sources */,
				8DC9B6F52678A90600089D33 /* Frameworks */,
				8DC9B6F62678A90600089D33 /* Resources */,
			);
			buildRules = (
			);
			dependencies = (
				8DC9B6FA2678A90600089D33 /* PBXTargetDependency */,
			);
			name = MVVMRxTutorialTests;
			productName = MVVMRxTutorialTests;
			productReference = 8DC9B6F82678A90600089D33 /* MVVMRxTutorialTests.xctest */;
			productType = "com.apple.product-type.bundle.unit-test";
		};
		8DC9B7022678A90600089D33 /* MVVMRxTutorialUITests */ = {
			isa = PBXNativeTarget;
			buildConfigurationList = 8DC9B7122678A90600089D33 /* Build configuration list for PBXNativeTarget "MVVMRxTutorialUITests" */;
			buildPhases = (
				DA0AF5F186E2637D04847091 /* [CP] Check Pods Manifest.lock */,
				8DC9B6FF2678A90600089D33 /* Sources */,
				8DC9B7002678A90600089D33 /* Frameworks */,
				8DC9B7012678A90600089D33 /* Resources */,
				E7BD412C92F08F5DAB8E75FD /* [CP] Embed Pods Frameworks */,
			);
			buildRules = (
			);
			dependencies = (
				8DC9B7052678A90600089D33 /* PBXTargetDependency */,
			);
			name = MVVMRxTutorialUITests;
			productName = MVVMRxTutorialUITests;
			productReference = 8DC9B7032678A90600089D33 /* MVVMRxTutorialUITests.xctest */;
			productType = "com.apple.product-type.bundle.ui-testing";
		};
/* End PBXNativeTarget section */

/* Begin PBXProject section */
		8DC9B6DA2678A90500089D33 /* Project object */ = {
			isa = PBXProject;
			attributes = {
				LastSwiftUpdateCheck = 1240;
				LastUpgradeCheck = 1240;
				TargetAttributes = {
					8DC9B6E12678A90500089D33 = {
						CreatedOnToolsVersion = 12.4;
					};
					8DC9B6F72678A90600089D33 = {
						CreatedOnToolsVersion = 12.4;
						TestTargetID = 8DC9B6E12678A90500089D33;
					};
					8DC9B7022678A90600089D33 = {
						CreatedOnToolsVersion = 12.4;
						TestTargetID = 8DC9B6E12678A90500089D33;
					};
				};
			};
			buildConfigurationList = 8DC9B6DD2678A90500089D33 /* Build configuration list for PBXProject "MVVMRxTutorial" */;
			compatibilityVersion = "Xcode 9.3";
			developmentRegion = en;
			hasScannedForEncodings = 0;
			knownRegions = (
				en,
				Base,
			);
			mainGroup = 8DC9B6D92678A90500089D33;
			productRefGroup = 8DC9B6E32678A90500089D33 /* Products */;
			projectDirPath = "";
			projectRoot = "";
			targets = (
				8DC9B6E12678A90500089D33 /* MVVMRxTutorial */,
				8DC9B6F72678A90600089D33 /* MVVMRxTutorialTests */,
				8DC9B7022678A90600089D33 /* MVVMRxTutorialUITests */,
			);
		};
/* End PBXProject section */

/* Begin PBXResourcesBuildPhase section */
		8DC9B6E02678A90500089D33 /* Resources */ = {
			isa = PBXResourcesBuildPhase;
			buildActionMask = 2147483647;
			files = (
				8DC9B6F22678A90600089D33 /* LaunchScreen.storyboard in Resources */,
				8DC9B6EF2678A90600089D33 /* Assets.xcassets in Resources */,
			);
			runOnlyForDeploymentPostprocessing = 0;
		};
		8DC9B6F62678A90600089D33 /* Resources */ = {
			isa = PBXResourcesBuildPhase;
			buildActionMask = 2147483647;
			files = (
			);
			runOnlyForDeploymentPostprocessing = 0;
		};
		8DC9B7012678A90600089D33 /* Resources */ = {
			isa = PBXResourcesBuildPhase;
			buildActionMask = 2147483647;
			files = (
			);
			runOnlyForDeploymentPostprocessing = 0;
		};
/* End PBXResourcesBuildPhase section */

/* Begin PBXShellScriptBuildPhase section */
		2C60876E7C64A3DB4824D9D8 /* [CP] Check Pods Manifest.lock */ = {
			isa = PBXShellScriptBuildPhase;
			buildActionMask = 2147483647;
			files = (
			);
			inputFileListPaths = (
			);
			inputPaths = (
				"${PODS_PODFILE_DIR_PATH}/Podfile.lock",
				"${PODS_ROOT}/Manifest.lock",
			);
			name = "[CP] Check Pods Manifest.lock";
			outputFileListPaths = (
			);
			outputPaths = (
				"$(DERIVED_FILE_DIR)/Pods-MVVMRxTutorialTests-checkManifestLockResult.txt",
			);
			runOnlyForDeploymentPostprocessing = 0;
			shellPath = /bin/sh;
			shellScript = "diff \"${PODS_PODFILE_DIR_PATH}/Podfile.lock\" \"${PODS_ROOT}/Manifest.lock\" > /dev/null\nif [ $? != 0 ] ; then\n    # print error to STDERR\n    echo \"error: The sandbox is not in sync with the Podfile.lock. Run 'pod install' or update your CocoaPods installation.\" >&2\n    exit 1\nfi\n# This output is used by Xcode 'outputs' to avoid re-running this script phase.\necho \"SUCCESS\" > \"${SCRIPT_OUTPUT_FILE_0}\"\n";
			showEnvVarsInLog = 0;
		};
		DA0AF5F186E2637D04847091 /* [CP] Check Pods Manifest.lock */ = {
			isa = PBXShellScriptBuildPhase;
			buildActionMask = 2147483647;
			files = (
			);
			inputFileListPaths = (
			);
			inputPaths = (
				"${PODS_PODFILE_DIR_PATH}/Podfile.lock",
				"${PODS_ROOT}/Manifest.lock",
			);
			name = "[CP] Check Pods Manifest.lock";
			outputFileListPaths = (
			);
			outputPaths = (
				"$(DERIVED_FILE_DIR)/Pods-MVVMRxTutorial-MVVMRxTutorialUITests-checkManifestLockResult.txt",
			);
			runOnlyForDeploymentPostprocessing = 0;
			shellPath = /bin/sh;
			shellScript = "diff \"${PODS_PODFILE_DIR_PATH}/Podfile.lock\" \"${PODS_ROOT}/Manifest.lock\" > /dev/null\nif [ $? != 0 ] ; then\n    # print error to STDERR\n    echo \"error: The sandbox is not in sync with the Podfile.lock. Run 'pod install' or update your CocoaPods installation.\" >&2\n    exit 1\nfi\n# This output is used by Xcode 'outputs' to avoid re-running this script phase.\necho \"SUCCESS\" > \"${SCRIPT_OUTPUT_FILE_0}\"\n";
			showEnvVarsInLog = 0;
		};
		E7BD412C92F08F5DAB8E75FD /* [CP] Embed Pods Frameworks */ = {
			isa = PBXShellScriptBuildPhase;
			buildActionMask = 2147483647;
			files = (
			);
			inputFileListPaths = (
				"${PODS_ROOT}/Target Support Files/Pods-MVVMRxTutorial-MVVMRxTutorialUITests/Pods-MVVMRxTutorial-MVVMRxTutorialUITests-frameworks-${CONFIGURATION}-input-files.xcfilelist",
			);
			name = "[CP] Embed Pods Frameworks";
			outputFileListPaths = (
				"${PODS_ROOT}/Target Support Files/Pods-MVVMRxTutorial-MVVMRxTutorialUITests/Pods-MVVMRxTutorial-MVVMRxTutorialUITests-frameworks-${CONFIGURATION}-output-files.xcfilelist",
			);
			runOnlyForDeploymentPostprocessing = 0;
			shellPath = /bin/sh;
			shellScript = "\"${PODS_ROOT}/Target Support Files/Pods-MVVMRxTutorial-MVVMRxTutorialUITests/Pods-MVVMRxTutorial-MVVMRxTutorialUITests-frameworks.sh\"\n";
			showEnvVarsInLog = 0;
		};
		E8B277EE656955378FBD43ED /* [CP] Check Pods Manifest.lock */ = {
			isa = PBXShellScriptBuildPhase;
			buildActionMask = 2147483647;
			files = (
			);
			inputFileListPaths = (
			);
			inputPaths = (
				"${PODS_PODFILE_DIR_PATH}/Podfile.lock",
				"${PODS_ROOT}/Manifest.lock",
			);
			name = "[CP] Check Pods Manifest.lock";
			outputFileListPaths = (
			);
			outputPaths = (
				"$(DERIVED_FILE_DIR)/Pods-MVVMRxTutorial-checkManifestLockResult.txt",
			);
			runOnlyForDeploymentPostprocessing = 0;
			shellPath = /bin/sh;
			shellScript = "diff \"${PODS_PODFILE_DIR_PATH}/Podfile.lock\" \"${PODS_ROOT}/Manifest.lock\" > /dev/null\nif [ $? != 0 ] ; then\n    # print error to STDERR\n    echo \"error: The sandbox is not in sync with the Podfile.lock. Run 'pod install' or update your CocoaPods installation.\" >&2\n    exit 1\nfi\n# This output is used by Xcode 'outputs' to avoid re-running this script phase.\necho \"SUCCESS\" > \"${SCRIPT_OUTPUT_FILE_0}\"\n";
			showEnvVarsInLog = 0;
		};
		FB1AACB7860433DD43FB5F7C /* [CP] Embed Pods Frameworks */ = {
			isa = PBXShellScriptBuildPhase;
			buildActionMask = 2147483647;
			files = (
			);
			inputFileListPaths = (
				"${PODS_ROOT}/Target Support Files/Pods-MVVMRxTutorial/Pods-MVVMRxTutorial-frameworks-${CONFIGURATION}-input-files.xcfilelist",
			);
			name = "[CP] Embed Pods Frameworks";
			outputFileListPaths = (
				"${PODS_ROOT}/Target Support Files/Pods-MVVMRxTutorial/Pods-MVVMRxTutorial-frameworks-${CONFIGURATION}-output-files.xcfilelist",
			);
			runOnlyForDeploymentPostprocessing = 0;
			shellPath = /bin/sh;
			shellScript = "\"${PODS_ROOT}/Target Support Files/Pods-MVVMRxTutorial/Pods-MVVMRxTutorial-frameworks.sh\"\n";
			showEnvVarsInLog = 0;
		};
/* End PBXShellScriptBuildPhase section */

/* Begin PBXSourcesBuildPhase section */
		8DC9B6DE2678A90500089D33 /* Sources */ = {
			isa = PBXSourcesBuildPhase;
			buildActionMask = 2147483647;
			files = (
				8DC9B7282678AA2400089D33 /* Coordinator.swift in Sources */,
				8DC9B6E62678A90500089D33 /* AppDelegate.swift in Sources */,
				8DC9B6E82678A90500089D33 /* SceneDelegate.swift in Sources */,
				8DC9B7202678A9C200089D33 /* RootViewController.swift in Sources */,
			);
			runOnlyForDeploymentPostprocessing = 0;
		};
		8DC9B6F42678A90600089D33 /* Sources */ = {
			isa = PBXSourcesBuildPhase;
			buildActionMask = 2147483647;
			files = (
				8DC9B6FD2678A90600089D33 /* MVVMRxTutorialTests.swift in Sources */,
			);
			runOnlyForDeploymentPostprocessing = 0;
		};
		8DC9B6FF2678A90600089D33 /* Sources */ = {
			isa = PBXSourcesBuildPhase;
			buildActionMask = 2147483647;
			files = (
				8DC9B7082678A90600089D33 /* MVVMRxTutorialUITests.swift in Sources */,
			);
			runOnlyForDeploymentPostprocessing = 0;
		};
/* End PBXSourcesBuildPhase section */

/* Begin PBXTargetDependency section */
		8DC9B6FA2678A90600089D33 /* PBXTargetDependency */ = {
			isa = PBXTargetDependency;
			target = 8DC9B6E12678A90500089D33 /* MVVMRxTutorial */;
			targetProxy = 8DC9B6F92678A90600089D33 /* PBXContainerItemProxy */;
		};
		8DC9B7052678A90600089D33 /* PBXTargetDependency */ = {
			isa = PBXTargetDependency;
			target = 8DC9B6E12678A90500089D33 /* MVVMRxTutorial */;
			targetProxy = 8DC9B7042678A90600089D33 /* PBXContainerItemProxy */;
		};
/* End PBXTargetDependency section */

/* Begin PBXVariantGroup section */
		8DC9B6F02678A90600089D33 /* LaunchScreen.storyboard */ = {
			isa = PBXVariantGroup;
			children = (
				8DC9B6F12678A90600089D33 /* Base */,
			);
			name = LaunchScreen.storyboard;
			sourceTree = "<group>";
		};
/* End PBXVariantGroup section */

/* Begin XCBuildConfiguration section */
		8DC9B70A2678A90600089D33 /* Debug */ = {
			isa = XCBuildConfiguration;
			buildSettings = {
				ALWAYS_SEARCH_USER_PATHS = NO;
				CLANG_ANALYZER_NONNULL = YES;
				CLANG_ANALYZER_NUMBER_OBJECT_CONVERSION = YES_AGGRESSIVE;
				CLANG_CXX_LANGUAGE_STANDARD = "gnu++14";
				CLANG_CXX_LIBRARY = "libc++";
				CLANG_ENABLE_MODULES = YES;
				CLANG_ENABLE_OBJC_ARC = YES;
				CLANG_ENABLE_OBJC_WEAK = YES;
				CLANG_WARN_BLOCK_CAPTURE_AUTORELEASING = YES;
				CLANG_WARN_BOOL_CONVERSION = YES;
				CLANG_WARN_COMMA = YES;
				CLANG_WARN_CONSTANT_CONVERSION = YES;
				CLANG_WARN_DEPRECATED_OBJC_IMPLEMENTATIONS = YES;
				CLANG_WARN_DIRECT_OBJC_ISA_USAGE = YES_ERROR;
				CLANG_WARN_DOCUMENTATION_COMMENTS = YES;
				CLANG_WARN_EMPTY_BODY = YES;
				CLANG_WARN_ENUM_CONVERSION = YES;
				CLANG_WARN_INFINITE_RECURSION = YES;
				CLANG_WARN_INT_CONVERSION = YES;
				CLANG_WARN_NON_LITERAL_NULL_CONVERSION = YES;
				CLANG_WARN_OBJC_IMPLICIT_RETAIN_SELF = YES;
				CLANG_WARN_OBJC_LITERAL_CONVERSION = YES;
				CLANG_WARN_OBJC_ROOT_CLASS = YES_ERROR;
				CLANG_WARN_QUOTED_INCLUDE_IN_FRAMEWORK_HEADER = YES;
				CLANG_WARN_RANGE_LOOP_ANALYSIS = YES;
				CLANG_WARN_STRICT_PROTOTYPES = YES;
				CLANG_WARN_SUSPICIOUS_MOVE = YES;
				CLANG_WARN_UNGUARDED_AVAILABILITY = YES_AGGRESSIVE;
				CLANG_WARN_UNREACHABLE_CODE = YES;
				CLANG_WARN__DUPLICATE_METHOD_MATCH = YES;
				COPY_PHASE_STRIP = NO;
				DEBUG_INFORMATION_FORMAT = dwarf;
				ENABLE_STRICT_OBJC_MSGSEND = YES;
				ENABLE_TESTABILITY = YES;
				GCC_C_LANGUAGE_STANDARD = gnu11;
				GCC_DYNAMIC_NO_PIC = NO;
				GCC_NO_COMMON_BLOCKS = YES;
				GCC_OPTIMIZATION_LEVEL = 0;
				GCC_PREPROCESSOR_DEFINITIONS = (
					"DEBUG=1",
					"$(inherited)",
				);
				GCC_WARN_64_TO_32_BIT_CONVERSION = YES;
				GCC_WARN_ABOUT_RETURN_TYPE = YES_ERROR;
				GCC_WARN_UNDECLARED_SELECTOR = YES;
				GCC_WARN_UNINITIALIZED_AUTOS = YES_AGGRESSIVE;
				GCC_WARN_UNUSED_FUNCTION = YES;
				GCC_WARN_UNUSED_VARIABLE = YES;
				IPHONEOS_DEPLOYMENT_TARGET = 14.4;
				MTL_ENABLE_DEBUG_INFO = INCLUDE_SOURCE;
				MTL_FAST_MATH = YES;
				ONLY_ACTIVE_ARCH = YES;
				SDKROOT = iphoneos;
				SWIFT_ACTIVE_COMPILATION_CONDITIONS = DEBUG;
				SWIFT_OPTIMIZATION_LEVEL = "-Onone";
			};
			name = Debug;
		};
		8DC9B70B2678A90600089D33 /* Release */ = {
			isa = XCBuildConfiguration;
			buildSettings = {
				ALWAYS_SEARCH_USER_PATHS = NO;
				CLANG_ANALYZER_NONNULL = YES;
				CLANG_ANALYZER_NUMBER_OBJECT_CONVERSION = YES_AGGRESSIVE;
				CLANG_CXX_LANGUAGE_STANDARD = "gnu++14";
				CLANG_CXX_LIBRARY = "libc++";
				CLANG_ENABLE_MODULES = YES;
				CLANG_ENABLE_OBJC_ARC = YES;
				CLANG_ENABLE_OBJC_WEAK = YES;
				CLANG_WARN_BLOCK_CAPTURE_AUTORELEASING = YES;
				CLANG_WARN_BOOL_CONVERSION = YES;
				CLANG_WARN_COMMA = YES;
				CLANG_WARN_CONSTANT_CONVERSION = YES;
				CLANG_WARN_DEPRECATED_OBJC_IMPLEMENTATIONS = YES;
				CLANG_WARN_DIRECT_OBJC_ISA_USAGE = YES_ERROR;
				CLANG_WARN_DOCUMENTATION_COMMENTS = YES;
				CLANG_WARN_EMPTY_BODY = YES;
				CLANG_WARN_ENUM_CONVERSION = YES;
				CLANG_WARN_INFINITE_RECURSION = YES;
				CLANG_WARN_INT_CONVERSION = YES;
				CLANG_WARN_NON_LITERAL_NULL_CONVERSION = YES;
				CLANG_WARN_OBJC_IMPLICIT_RETAIN_SELF = YES;
				CLANG_WARN_OBJC_LITERAL_CONVERSION = YES;
				CLANG_WARN_OBJC_ROOT_CLASS = YES_ERROR;
				CLANG_WARN_QUOTED_INCLUDE_IN_FRAMEWORK_HEADER = YES;
				CLANG_WARN_RANGE_LOOP_ANALYSIS = YES;
				CLANG_WARN_STRICT_PROTOTYPES = YES;
				CLANG_WARN_SUSPICIOUS_MOVE = YES;
				CLANG_WARN_UNGUARDED_AVAILABILITY = YES_AGGRESSIVE;
				CLANG_WARN_UNREACHABLE_CODE = YES;
				CLANG_WARN__DUPLICATE_METHOD_MATCH = YES;
				COPY_PHASE_STRIP = NO;
				DEBUG_INFORMATION_FORMAT = "dwarf-with-dsym";
				ENABLE_NS_ASSERTIONS = NO;
				ENABLE_STRICT_OBJC_MSGSEND = YES;
				GCC_C_LANGUAGE_STANDARD = gnu11;
				GCC_NO_COMMON_BLOCKS = YES;
				GCC_WARN_64_TO_32_BIT_CONVERSION = YES;
				GCC_WARN_ABOUT_RETURN_TYPE = YES_ERROR;
				GCC_WARN_UNDECLARED_SELECTOR = YES;
				GCC_WARN_UNINITIALIZED_AUTOS = YES_AGGRESSIVE;
				GCC_WARN_UNUSED_FUNCTION = YES;
				GCC_WARN_UNUSED_VARIABLE = YES;
				IPHONEOS_DEPLOYMENT_TARGET = 14.4;
				MTL_ENABLE_DEBUG_INFO = NO;
				MTL_FAST_MATH = YES;
				SDKROOT = iphoneos;
				SWIFT_COMPILATION_MODE = wholemodule;
				SWIFT_OPTIMIZATION_LEVEL = "-O";
				VALIDATE_PRODUCT = YES;
			};
			name = Release;
		};
		8DC9B70D2678A90600089D33 /* Debug */ = {
			isa = XCBuildConfiguration;
			baseConfigurationReference = D5BA3894B9C2FEAB93B5A6FC /* Pods-MVVMRxTutorial.debug.xcconfig */;
			buildSettings = {
				ASSETCATALOG_COMPILER_APPICON_NAME = AppIcon;
				ASSETCATALOG_COMPILER_GLOBAL_ACCENT_COLOR_NAME = AccentColor;
				CODE_SIGN_STYLE = Automatic;
				DEVELOPMENT_TEAM = 6YDND8WP69;
				INFOPLIST_FILE = MVVMRxTutorial/Info.plist;
				LD_RUNPATH_SEARCH_PATHS = (
					"$(inherited)",
					"@executable_path/Frameworks",
				);
				PRODUCT_BUNDLE_IDENTIFIER = com.nali.MVVMRxTutorial;
				PRODUCT_NAME = "$(TARGET_NAME)";
				SWIFT_VERSION = 5.0;
				TARGETED_DEVICE_FAMILY = "1,2";
			};
			name = Debug;
		};
		8DC9B70E2678A90600089D33 /* Release */ = {
			isa = XCBuildConfiguration;
			baseConfigurationReference = D9388B51A37A8E01C53383D9 /* Pods-MVVMRxTutorial.release.xcconfig */;
			buildSettings = {
				ASSETCATALOG_COMPILER_APPICON_NAME = AppIcon;
				ASSETCATALOG_COMPILER_GLOBAL_ACCENT_COLOR_NAME = AccentColor;
				CODE_SIGN_STYLE = Automatic;
				DEVELOPMENT_TEAM = 6YDND8WP69;
				INFOPLIST_FILE = MVVMRxTutorial/Info.plist;
				LD_RUNPATH_SEARCH_PATHS = (
					"$(inherited)",
					"@executable_path/Frameworks",
				);
				PRODUCT_BUNDLE_IDENTIFIER = com.nali.MVVMRxTutorial;
				PRODUCT_NAME = "$(TARGET_NAME)";
				SWIFT_VERSION = 5.0;
				TARGETED_DEVICE_FAMILY = "1,2";
			};
			name = Release;
		};
		8DC9B7102678A90600089D33 /* Debug */ = {
			isa = XCBuildConfiguration;
			baseConfigurationReference = AB57224779891DB10C94B28D /* Pods-MVVMRxTutorialTests.debug.xcconfig */;
			buildSettings = {
				ALWAYS_EMBED_SWIFT_STANDARD_LIBRARIES = YES;
				BUNDLE_LOADER = "$(TEST_HOST)";
				CODE_SIGN_STYLE = Automatic;
				DEVELOPMENT_TEAM = 6YDND8WP69;
				INFOPLIST_FILE = MVVMRxTutorialTests/Info.plist;
				IPHONEOS_DEPLOYMENT_TARGET = 14.4;
				LD_RUNPATH_SEARCH_PATHS = (
					"$(inherited)",
					"@executable_path/Frameworks",
					"@loader_path/Frameworks",
				);
				PRODUCT_BUNDLE_IDENTIFIER = com.nali.MVVMRxTutorialTests;
				PRODUCT_NAME = "$(TARGET_NAME)";
				SWIFT_VERSION = 5.0;
				TARGETED_DEVICE_FAMILY = "1,2";
				TEST_HOST = "$(BUILT_PRODUCTS_DIR)/MVVMRxTutorial.app/MVVMRxTutorial";
			};
			name = Debug;
		};
		8DC9B7112678A90600089D33 /* Release */ = {
			isa = XCBuildConfiguration;
			baseConfigurationReference = 09B0ED0D6ECDEFF873A8CA7D /* Pods-MVVMRxTutorialTests.release.xcconfig */;
			buildSettings = {
				ALWAYS_EMBED_SWIFT_STANDARD_LIBRARIES = YES;
				BUNDLE_LOADER = "$(TEST_HOST)";
				CODE_SIGN_STYLE = Automatic;
				DEVELOPMENT_TEAM = 6YDND8WP69;
				INFOPLIST_FILE = MVVMRxTutorialTests/Info.plist;
				IPHONEOS_DEPLOYMENT_TARGET = 14.4;
				LD_RUNPATH_SEARCH_PATHS = (
					"$(inherited)",
					"@executable_path/Frameworks",
					"@loader_path/Frameworks",
				);
				PRODUCT_BUNDLE_IDENTIFIER = com.nali.MVVMRxTutorialTests;
				PRODUCT_NAME = "$(TARGET_NAME)";
				SWIFT_VERSION = 5.0;
				TARGETED_DEVICE_FAMILY = "1,2";
				TEST_HOST = "$(BUILT_PRODUCTS_DIR)/MVVMRxTutorial.app/MVVMRxTutorial";
			};
			name = Release;
		};
		8DC9B7132678A90600089D33 /* Debug */ = {
			isa = XCBuildConfiguration;
			baseConfigurationReference = 2A2753CCAAC37DD2CEDF1ACB /* Pods-MVVMRxTutorial-MVVMRxTutorialUITests.debug.xcconfig */;
			buildSettings = {
				ALWAYS_EMBED_SWIFT_STANDARD_LIBRARIES = YES;
				CODE_SIGN_STYLE = Automatic;
				DEVELOPMENT_TEAM = 6YDND8WP69;
				INFOPLIST_FILE = MVVMRxTutorialUITests/Info.plist;
				LD_RUNPATH_SEARCH_PATHS = (
					"$(inherited)",
					"@executable_path/Frameworks",
					"@loader_path/Frameworks",
				);
				PRODUCT_BUNDLE_IDENTIFIER = com.nali.MVVMRxTutorialUITests;
				PRODUCT_NAME = "$(TARGET_NAME)";
				SWIFT_VERSION = 5.0;
				TARGETED_DEVICE_FAMILY = "1,2";
				TEST_TARGET_NAME = MVVMRxTutorial;
			};
			name = Debug;
		};
		8DC9B7142678A90600089D33 /* Release */ = {
			isa = XCBuildConfiguration;
			baseConfigurationReference = E9ABCB880E6D63469F3F54C8 /* Pods-MVVMRxTutorial-MVVMRxTutorialUITests.release.xcconfig */;
			buildSettings = {
				ALWAYS_EMBED_SWIFT_STANDARD_LIBRARIES = YES;
				CODE_SIGN_STYLE = Automatic;
				DEVELOPMENT_TEAM = 6YDND8WP69;
				INFOPLIST_FILE = MVVMRxTutorialUITests/Info.plist;
				LD_RUNPATH_SEARCH_PATHS = (
					"$(inherited)",
					"@executable_path/Frameworks",
					"@loader_path/Frameworks",
				);
				PRODUCT_BUNDLE_IDENTIFIER = com.nali.MVVMRxTutorialUITests;
				PRODUCT_NAME = "$(TARGET_NAME)";
				SWIFT_VERSION = 5.0;
				TARGETED_DEVICE_FAMILY = "1,2";
				TEST_TARGET_NAME = MVVMRxTutorial;
			};
			name = Release;
		};
/* End XCBuildConfiguration section */

/* Begin XCConfigurationList section */
		8DC9B6DD2678A90500089D33 /* Build configuration list for PBXProject "MVVMRxTutorial" */ = {
			isa = XCConfigurationList;
			buildConfigurations = (
				8DC9B70A2678A90600089D33 /* Debug */,
				8DC9B70B2678A90600089D33 /* Release */,
			);
			defaultConfigurationIsVisible = 0;
			defaultConfigurationName = Release;
		};
		8DC9B70C2678A90600089D33 /* Build configuration list for PBXNativeTarget "MVVMRxTutorial" */ = {
			isa = XCConfigurationList;
			buildConfigurations = (
				8DC9B70D2678A90600089D33 /* Debug */,
				8DC9B70E2678A90600089D33 /* Release */,
			);
			defaultConfigurationIsVisible = 0;
			defaultConfigurationName = Release;
		};
		8DC9B70F2678A90600089D33 /* Build configuration list for PBXNativeTarget "MVVMRxTutorialTests" */ = {
			isa = XCConfigurationList;
			buildConfigurations = (
				8DC9B7102678A90600089D33 /* Debug */,
				8DC9B7112678A90600089D33 /* Release */,
			);
			defaultConfigurationIsVisible = 0;
			defaultConfigurationName = Release;
		};
		8DC9B7122678A90600089D33 /* Build configuration list for PBXNativeTarget "MVVMRxTutorialUITests" */ = {
			isa = XCConfigurationList;
			buildConfigurations = (
				8DC9B7132678A90600089D33 /* Debug */,
				8DC9B7142678A90600089D33 /* Release */,
			);
			defaultConfigurationIsVisible = 0;
			defaultConfigurationName = Release;
		};
/* End XCConfigurationList section */
	};
	rootObject = 8DC9B6DA2678A90500089D33 /* Project object */;
}
