// !$*UTF8*$!
{
	archiveVersion = 1;
	classes = {
	};
	objectVersion = 50;
	objects = {

/* Begin PBXBuildFile section */
		8DD1174225C38D940087C209 /* AppDelegate.swift in Sources */ = {isa = PBXBuildFile; fileRef = 8DD1174125C38D940087C209 /* AppDelegate.swift */; };
		8DD1174425C38D940087C209 /* SceneDelegate.swift in Sources */ = {isa = PBXBuildFile; fileRef = 8DD1174325C38D940087C209 /* SceneDelegate.swift */; };
		8DD1174625C38D940087C209 /* ViewController.swift in Sources */ = {isa = PBXBuildFile; fileRef = 8DD1174525C38D940087C209 /* ViewController.swift */; };
		8DD1174925C38D940087C209 /* Main.storyboard in Resources */ = {isa = PBXBuildFile; fileRef = 8DD1174725C38D940087C209 /* Main.storyboard */; };
		8DD1174B25C38D950087C209 /* Assets.xcassets in Resources */ = {isa = PBXBuildFile; fileRef = 8DD1174A25C38D950087C209 /* Assets.xcassets */; };
		8DD1174E25C38D950087C209 /* LaunchScreen.storyboard in Resources */ = {isa = PBXBuildFile; fileRef = 8DD1174C25C38D950087C209 /* LaunchScreen.storyboard */; };
		8DD1175C25C38DCB0087C209 /* NaliFramework.framework in Frameworks */ = {isa = PBXBuildFile; fileRef = 8DD1175A25C38DBA0087C209 /* NaliFramework.framework */; };
		8DD1175D25C38DCB0087C209 /* NaliFramework.framework in Embed Frameworks */ = {isa = PBXBuildFile; fileRef = 8DD1175A25C38DBA0087C209 /* NaliFramework.framework */; settings = {ATTRIBUTES = (CodeSignOnCopy, RemoveHeadersOnCopy, ); }; };
		8DD1175F25C38DF70087C209 /* NaliFramework.framework in Frameworks */ = {isa = PBXBuildFile; fileRef = 8DD1175A25C38DBA0087C209 /* NaliFramework.framework */; };
/* End PBXBuildFile section */

/* Begin PBXContainerItemProxy section */
		8DD1175925C38DBA0087C209 /* PBXContainerItemProxy */ = {
			isa = PBXContainerItemProxy;
			containerPortal = 8DD1175525C38DBA0087C209 /* NaliFramework.xcodeproj */;
			proxyType = 2;
			remoteGlobalIDString = 8DD1172825C38D290087C209;
			remoteInfo = NaliFramework;
		};
/* End PBXContainerItemProxy section */

/* Begin PBXCopyFilesBuildPhase section */
		8DD1175E25C38DCB0087C209 /* Embed Frameworks */ = {
			isa = PBXCopyFilesBuildPhase;
			buildActionMask = 2147483647;
			dstPath = "";
			dstSubfolderSpec = 10;
			files = (
				8DD1175D25C38DCB0087C209 /* NaliFramework.framework in Embed Frameworks */,
			);
			name = "Embed Frameworks";
			runOnlyForDeploymentPostprocessing = 0;
		};
/* End PBXCopyFilesBuildPhase section */

/* Begin PBXFileReference section */
		8DD1173E25C38D940087C209 /* TestModuleSample.app */ = {isa = PBXFileReference; explicitFileType = wrapper.application; includeInIndex = 0; path = TestModuleSample.app; sourceTree = BUILT_PRODUCTS_DIR; };
		8DD1174125C38D940087C209 /* AppDelegate.swift */ = {isa = PBXFileReference; lastKnownFileType = sourcecode.swift; path = AppDelegate.swift; sourceTree = "<group>"; };
		8DD1174325C38D940087C209 /* SceneDelegate.swift */ = {isa = PBXFileReference; lastKnownFileType = sourcecode.swift; path = SceneDelegate.swift; sourceTree = "<group>"; };
		8DD1174525C38D940087C209 /* ViewController.swift */ = {isa = PBXFileReference; lastKnownFileType = sourcecode.swift; path = ViewController.swift; sourceTree = "<group>"; };
		8DD1174825C38D940087C209 /* Base */ = {isa = PBXFileReference; lastKnownFileType = file.storyboard; name = Base; path = Base.lproj/Main.storyboard; sourceTree = "<group>"; };
		8DD1174A25C38D950087C209 /* Assets.xcassets */ = {isa = PBXFileReference; lastKnownFileType = folder.assetcatalog; path = Assets.xcassets; sourceTree = "<group>"; };
		8DD1174D25C38D950087C209 /* Base */ = {isa = PBXFileReference; lastKnownFileType = file.storyboard; name = Base; path = Base.lproj/LaunchScreen.storyboard; sourceTree = "<group>"; };
		8DD1174F25C38D950087C209 /* Info.plist */ = {isa = PBXFileReference; lastKnownFileType = text.plist.xml; path = Info.plist; sourceTree = "<group>"; };
		8DD1175525C38DBA0087C209 /* NaliFramework.xcodeproj */ = {isa = PBXFileReference; lastKnownFileType = "wrapper.pb-project"; name = NaliFramework.xcodeproj; path = ../NaliFramework/NaliFramework.xcodeproj; sourceTree = "<group>"; };
/* End PBXFileReference section */

/* Begin PBXFrameworksBuildPhase section */
		8DD1173B25C38D940087C209 /* Frameworks */ = {
			isa = PBXFrameworksBuildPhase;
			buildActionMask = 2147483647;
			files = (
				8DD1175C25C38DCB0087C209 /* NaliFramework.framework in Frameworks */,
				8DD1175F25C38DF70087C209 /* NaliFramework.framework in Frameworks */,
			);
			runOnlyForDeploymentPostprocessing = 0;
		};
/* End PBXFrameworksBuildPhase section */

/* Begin PBXGroup section */
		8DD1173525C38D940087C209 = {
			isa = PBXGroup;
			children = (
				8DD1175525C38DBA0087C209 /* NaliFramework.xcodeproj */,
				8DD1174025C38D940087C209 /* TestModuleSample */,
				8DD1173F25C38D940087C209 /* Products */,
				8DD1175B25C38DCB0087C209 /* Frameworks */,
			);
			sourceTree = "<group>";
		};
		8DD1173F25C38D940087C209 /* Products */ = {
			isa = PBXGroup;
			children = (
				8DD1173E25C38D940087C209 /* TestModuleSample.app */,
			);
			name = Products;
			sourceTree = "<group>";
		};
		8DD1174025C38D940087C209 /* TestModuleSample */ = {
			isa = PBXGroup;
			children = (
				8DD1174125C38D940087C209 /* AppDelegate.swift */,
				8DD1174325C38D940087C209 /* SceneDelegate.swift */,
				8DD1174525C38D940087C209 /* ViewController.swift */,
				8DD1174725C38D940087C209 /* Main.storyboard */,
				8DD1174A25C38D950087C209 /* Assets.xcassets */,
				8DD1174C25C38D950087C209 /* LaunchScreen.storyboard */,
				8DD1174F25C38D950087C209 /* Info.plist */,
			);
			path = TestModuleSample;
			sourceTree = "<group>";
		};
		8DD1175625C38DBA0087C209 /* Products */ = {
			isa = PBXGroup;
			children = (
				8DD1175A25C38DBA0087C209 /* NaliFramework.framework */,
			);
			name = Products;
			sourceTree = "<group>";
		};
		8DD1175B25C38DCB0087C209 /* Frameworks */ = {
			isa = PBXGroup;
			children = (
			);
			name = Frameworks;
			sourceTree = "<group>";
		};
/* End PBXGroup section */

/* Begin PBXNativeTarget section */
		8DD1173D25C38D940087C209 /* TestModuleSample */ = {
			isa = PBXNativeTarget;
			buildConfigurationList = 8DD1175225C38D950087C209 /* Build configuration list for PBXNativeTarget "TestModuleSample" */;
			buildPhases = (
				8DD1173A25C38D940087C209 /* Sources */,
				8DD1173B25C38D940087C209 /* Frameworks */,
				8DD1173C25C38D940087C209 /* Resources */,
				8DD1175E25C38DCB0087C209 /* Embed Frameworks */,
			);
			buildRules = (
			);
			dependencies = (
			);
			name = TestModuleSample;
			productName = TestModuleSample;
			productReference = 8DD1173E25C38D940087C209 /* TestModuleSample.app */;
			productType = "com.apple.product-type.application";
		};
/* End PBXNativeTarget section */

/* Begin PBXProject section */
		8DD1173625C38D940087C209 /* Project object */ = {
			isa = PBXProject;
			attributes = {
				LastSwiftUpdateCheck = 1150;
				LastUpgradeCheck = 1150;
				ORGANIZATIONNAME = Nali;
				TargetAttributes = {
					8DD1173D25C38D940087C209 = {
						CreatedOnToolsVersion = 11.5;
					};
				};
			};
			buildConfigurationList = 8DD1173925C38D940087C209 /* Build configuration list for PBXProject "TestModuleSample" */;
			compatibilityVersion = "Xcode 9.3";
			developmentRegion = en;
			hasScannedForEncodings = 0;
			knownRegions = (
				en,
				Base,
			);
			mainGroup = 8DD1173525C38D940087C209;
			productRefGroup = 8DD1173F25C38D940087C209 /* Products */;
			projectDirPath = "";
			projectReferences = (
				{
					ProductGroup = 8DD1175625C38DBA0087C209 /* Products */;
					ProjectRef = 8DD1175525C38DBA0087C209 /* NaliFramework.xcodeproj */;
				},
			);
			projectRoot = "";
			targets = (
				8DD1173D25C38D940087C209 /* TestModuleSample */,
			);
		};
/* End PBXProject section */

/* Begin PBXReferenceProxy section */
		8DD1175A25C38DBA0087C209 /* NaliFramework.framework */ = {
			isa = PBXReferenceProxy;
			fileType = wrapper.framework;
			path = NaliFramework.framework;
			remoteRef = 8DD1175925C38DBA0087C209 /* PBXContainerItemProxy */;
			sourceTree = BUILT_PRODUCTS_DIR;
		};
/* End PBXReferenceProxy section */

/* Begin PBXResourcesBuildPhase section */
		8DD1173C25C38D940087C209 /* Resources */ = {
			isa = PBXResourcesBuildPhase;
			buildActionMask = 2147483647;
			files = (
				8DD1174E25C38D950087C209 /* LaunchScreen.storyboard in Resources */,
				8DD1174B25C38D950087C209 /* Assets.xcassets in Resources */,
				8DD1174925C38D940087C209 /* Main.storyboard in Resources */,
			);
			runOnlyForDeploymentPostprocessing = 0;
		};
/* End PBXResourcesBuildPhase section */

/* Begin PBXSourcesBuildPhase section */
		8DD1173A25C38D940087C209 /* Sources */ = {
			isa = PBXSourcesBuildPhase;
			buildActionMask = 2147483647;
			files = (
				8DD1174625C38D940087C209 /* ViewController.swift in Sources */,
				8DD1174225C38D940087C209 /* AppDelegate.swift in Sources */,
				8DD1174425C38D940087C209 /* SceneDelegate.swift in Sources */,
			);
			runOnlyForDeploymentPostprocessing = 0;
		};
/* End PBXSourcesBuildPhase section */

/* Begin PBXVariantGroup section */
		8DD1174725C38D940087C209 /* Main.storyboard */ = {
			isa = PBXVariantGroup;
			children = (
				8DD1174825C38D940087C209 /* Base */,
			);
			name = Main.storyboard;
			sourceTree = "<group>";
		};
		8DD1174C25C38D950087C209 /* LaunchScreen.storyboard */ = {
			isa = PBXVariantGroup;
			children = (
				8DD1174D25C38D950087C209 /* Base */,
			);
			name = LaunchScreen.storyboard;
			sourceTree = "<group>";
		};
/* End PBXVariantGroup section */

/* Begin XCBuildConfiguration section */
		8DD1175025C38D950087C209 /* Debug */ = {
			isa = XCBuildConfiguration;
			buildSettings = {
				ALWAYS_SEARCH_USER_PATHS = NO;
				CLANG_ANALYZER_NONNULL = YES;
				CLANG_ANALYZER_NUMBER_OBJECT_CONVERSION = YES_AGGRESSIVE;
				CLANG_CXX_LANGUAGE_STANDARD = "gnu++14";
				CLANG_CXX_LIBRARY = "libc++";
				CLANG_ENABLE_MODULES = YES;
				CLANG_ENABLE_OBJC_ARC = YES;
				CLANG_ENABLE_OBJC_WEAK = YES;
				CLANG_WARN_BLOCK_CAPTURE_AUTORELEASING = YES;
				CLANG_WARN_BOOL_CONVERSION = YES;
				CLANG_WARN_COMMA = YES;
				CLANG_WARN_CONSTANT_CONVERSION = YES;
				CLANG_WARN_DEPRECATED_OBJC_IMPLEMENTATIONS = YES;
				CLANG_WARN_DIRECT_OBJC_ISA_USAGE = YES_ERROR;
				CLANG_WARN_DOCUMENTATION_COMMENTS = YES;
				CLANG_WARN_EMPTY_BODY = YES;
				CLANG_WARN_ENUM_CONVERSION = YES;
				CLANG_WARN_INFINITE_RECURSION = YES;
				CLANG_WARN_INT_CONVERSION = YES;
				CLANG_WARN_NON_LITERAL_NULL_CONVERSION = YES;
				CLANG_WARN_OBJC_IMPLICIT_RETAIN_SELF = YES;
				CLANG_WARN_OBJC_LITERAL_CONVERSION = YES;
				CLANG_WARN_OBJC_ROOT_CLASS = YES_ERROR;
				CLANG_WARN_RANGE_LOOP_ANALYSIS = YES;
				CLANG_WARN_STRICT_PROTOTYPES = YES;
				CLANG_WARN_SUSPICIOUS_MOVE = YES;
				CLANG_WARN_UNGUARDED_AVAILABILITY = YES_AGGRESSIVE;
				CLANG_WARN_UNREACHABLE_CODE = YES;
				CLANG_WARN__DUPLICATE_METHOD_MATCH = YES;
				COPY_PHASE_STRIP = NO;
				DEBUG_INFORMATION_FORMAT = dwarf;
				ENABLE_STRICT_OBJC_MSGSEND = YES;
				ENABLE_TESTABILITY = YES;
				GCC_C_LANGUAGE_STANDARD = gnu11;
				GCC_DYNAMIC_NO_PIC = NO;
				GCC_NO_COMMON_BLOCKS = YES;
				GCC_OPTIMIZATION_LEVEL = 0;
				GCC_PREPROCESSOR_DEFINITIONS = (
					"DEBUG=1",
					"$(inherited)",
				);
				GCC_WARN_64_TO_32_BIT_CONVERSION = YES;
				GCC_WARN_ABOUT_RETURN_TYPE = YES_ERROR;
				GCC_WARN_UNDECLARED_SELECTOR = YES;
				GCC_WARN_UNINITIALIZED_AUTOS = YES_AGGRESSIVE;
				GCC_WARN_UNUSED_FUNCTION = YES;
				GCC_WARN_UNUSED_VARIABLE = YES;
				IPHONEOS_DEPLOYMENT_TARGET = 13.5;
				MTL_ENABLE_DEBUG_INFO = INCLUDE_SOURCE;
				MTL_FAST_MATH = YES;
				ONLY_ACTIVE_ARCH = YES;
				SDKROOT = iphoneos;
				SWIFT_ACTIVE_COMPILATION_CONDITIONS = DEBUG;
				SWIFT_OPTIMIZATION_LEVEL = "-Onone";
			};
			name = Debug;
		};
		8DD1175125C38D950087C209 /* Release */ = {
			isa = XCBuildConfiguration;
			buildSettings = {
				ALWAYS_SEARCH_USER_PATHS = NO;
				CLANG_ANALYZER_NONNULL = YES;
				CLANG_ANALYZER_NUMBER_OBJECT_CONVERSION = YES_AGGRESSIVE;
				CLANG_CXX_LANGUAGE_STANDARD = "gnu++14";
				CLANG_CXX_LIBRARY = "libc++";
				CLANG_ENABLE_MODULES = YES;
				CLANG_ENABLE_OBJC_ARC = YES;
				CLANG_ENABLE_OBJC_WEAK = YES;
				CLANG_WARN_BLOCK_CAPTURE_AUTORELEASING = YES;
				CLANG_WARN_BOOL_CONVERSION = YES;
				CLANG_WARN_COMMA = YES;
				CLANG_WARN_CONSTANT_CONVERSION = YES;
				CLANG_WARN_DEPRECATED_OBJC_IMPLEMENTATIONS = YES;
				CLANG_WARN_DIRECT_OBJC_ISA_USAGE = YES_ERROR;
				CLANG_WARN_DOCUMENTATION_COMMENTS = YES;
				CLANG_WARN_EMPTY_BODY = YES;
				CLANG_WARN_ENUM_CONVERSION = YES;
				CLANG_WARN_INFINITE_RECURSION = YES;
				CLANG_WARN_INT_CONVERSION = YES;
				CLANG_WARN_NON_LITERAL_NULL_CONVERSION = YES;
				CLANG_WARN_OBJC_IMPLICIT_RETAIN_SELF = YES;
				CLANG_WARN_OBJC_LITERAL_CONVERSION = YES;
				CLANG_WARN_OBJC_ROOT_CLASS = YES_ERROR;
				CLANG_WARN_RANGE_LOOP_ANALYSIS = YES;
				CLANG_WARN_STRICT_PROTOTYPES = YES;
				CLANG_WARN_SUSPICIOUS_MOVE = YES;
				CLANG_WARN_UNGUARDED_AVAILABILITY = YES_AGGRESSIVE;
				CLANG_WARN_UNREACHABLE_CODE = YES;
				CLANG_WARN__DUPLICATE_METHOD_MATCH = YES;
				COPY_PHASE_STRIP = NO;
				DEBUG_INFORMATION_FORMAT = "dwarf-with-dsym";
				ENABLE_NS_ASSERTIONS = NO;
				ENABLE_STRICT_OBJC_MSGSEND = YES;
				GCC_C_LANGUAGE_STANDARD = gnu11;
				GCC_NO_COMMON_BLOCKS = YES;
				GCC_WARN_64_TO_32_BIT_CONVERSION = YES;
				GCC_WARN_ABOUT_RETURN_TYPE = YES_ERROR;
				GCC_WARN_UNDECLARED_SELECTOR = YES;
				GCC_WARN_UNINITIALIZED_AUTOS = YES_AGGRESSIVE;
				GCC_WARN_UNUSED_FUNCTION = YES;
				GCC_WARN_UNUSED_VARIABLE = YES;
				IPHONEOS_DEPLOYMENT_TARGET = 13.5;
				MTL_ENABLE_DEBUG_INFO = NO;
				MTL_FAST_MATH = YES;
				SDKROOT = iphoneos;
				SWIFT_COMPILATION_MODE = wholemodule;
				SWIFT_OPTIMIZATION_LEVEL = "-O";
				VALIDATE_PRODUCT = YES;
			};
			name = Release;
		};
		8DD1175325C38D950087C209 /* Debug */ = {
			isa = XCBuildConfiguration;
			buildSettings = {
				ASSETCATALOG_COMPILER_APPICON_NAME = AppIcon;
				CODE_SIGN_STYLE = Automatic;
				INFOPLIST_FILE = TestModuleSample/Info.plist;
				LD_RUNPATH_SEARCH_PATHS = (
					"$(inherited)",
					"@executable_path/Frameworks",
				);
				PRODUCT_BUNDLE_IDENTIFIER = com.nali.TestModuleSample;
				PRODUCT_NAME = "$(TARGET_NAME)";
				SWIFT_VERSION = 5.0;
				TARGETED_DEVICE_FAMILY = "1,2";
			};
			name = Debug;
		};
		8DD1175425C38D950087C209 /* Release */ = {
			isa = XCBuildConfiguration;
			buildSettings = {
				ASSETCATALOG_COMPILER_APPICON_NAME = AppIcon;
				CODE_SIGN_STYLE = Automatic;
				INFOPLIST_FILE = TestModuleSample/Info.plist;
				LD_RUNPATH_SEARCH_PATHS = (
					"$(inherited)",
					"@executable_path/Frameworks",
				);
				PRODUCT_BUNDLE_IDENTIFIER = com.nali.TestModuleSample;
				PRODUCT_NAME = "$(TARGET_NAME)";
				SWIFT_VERSION = 5.0;
				TARGETED_DEVICE_FAMILY = "1,2";
			};
			name = Release;
		};
/* End XCBuildConfiguration section */

/* Begin XCConfigurationList section */
		8DD1173925C38D940087C209 /* Build configuration list for PBXProject "TestModuleSample" */ = {
			isa = XCConfigurationList;
			buildConfigurations = (
				8DD1175025C38D950087C209 /* Debug */,
				8DD1175125C38D950087C209 /* Release */,
			);
			defaultConfigurationIsVisible = 0;
			defaultConfigurationName = Release;
		};
		8DD1175225C38D950087C209 /* Build configuration list for PBXNativeTarget "TestModuleSample" */ = {
			isa = XCConfigurationList;
			buildConfigurations = (
				8DD1175325C38D950087C209 /* Debug */,
				8DD1175425C38D950087C209 /* Release */,
			);
			defaultConfigurationIsVisible = 0;
			defaultConfigurationName = Release;
		};
/* End XCConfigurationList section */
	};
	rootObject = 8DD1173625C38D940087C209 /* Project object */;
}
